
Microsoft Visual Studio Solution File, Format Version 12.00
# Visual Studio Version 17
VisualStudioVersion = 17.11.35312.102
MinimumVisualStudioVersion = 10.0.40219.1
Project("{9A19103F-16F7-4668-BE54-9A1E7A4F7556}") = "elso", "elso\elso.csproj", "{594B55E8-432D-43D5-81D1-C7E23C571C71}"
EndProject
Project("{FAE04EC0-301F-11D3-BF4B-00C04F79EFBC}") = "Feladat_1", "Feladat_1\Feladat_1.csproj", "{682C7C7E-9A08-4715-AA33-87A2B3080DC2}"
EndProject
Global
	GlobalSection(SolutionConfigurationPlatforms) = preSolution
		Debug|Any CPU = Debug|Any CPU
		Release|Any CPU = Release|Any CPU
	EndGlobalSection
	GlobalSection(ProjectConfigurationPlatforms) = postSolution
		{594B55E8-432D-43D5-81D1-C7E23C571C71}.Debug|Any CPU.ActiveCfg = Debug|Any CPU
		{594B55E8-432D-43D5-81D1-C7E23C571C71}.Debug|Any CPU.Build.0 = Debug|Any CPU
		{594B55E8-432D-43D5-81D1-C7E23C571C71}.Debug|Any CPU.Deploy.0 = Debug|Any CPU
		{594B55E8-432D-43D5-81D1-C7E23C571C71}.Release|Any CPU.ActiveCfg = Release|Any CPU
		{594B55E8-432D-43D5-81D1-C7E23C571C71}.Release|Any CPU.Build.0 = Release|Any CPU
		{594B55E8-432D-43D5-81D1-C7E23C571C71}.Release|Any CPU.Deploy.0 = Release|Any CPU
		{682C7C7E-9A08-4715-AA33-87A2B3080DC2}.Debug|Any CPU.ActiveCfg = Debug|Any CPU
		{682C7C7E-9A08-4715-AA33-87A2B3080DC2}.Debug|Any CPU.Build.0 = Debug|Any CPU
		{682C7C7E-9A08-4715-AA33-87A2B3080DC2}.Debug|Any CPU.Deploy.0 = Debug|Any CPU
		{682C7C7E-9A08-4715-AA33-87A2B3080DC2}.Release|Any CPU.ActiveCfg = Release|Any CPU
		{682C7C7E-9A08-4715-AA33-87A2B3080DC2}.Release|Any CPU.Build.0 = Release|Any CPU
		{682C7C7E-9A08-4715-AA33-87A2B3080DC2}.Release|Any CPU.Deploy.0 = Release|Any CPU
	EndGlobalSection
	GlobalSection(SolutionProperties) = preSolution
		HideSolutionNode = FALSE
	EndGlobalSection
	GlobalSection(ExtensibilityGlobals) = postSolution
		SolutionGuid = {D8603915-CC0B-44F1-910F-78774BEEE947}
	EndGlobalSection
EndGlobal
